
Microsoft Visual Studio Solution File, Format Version 12.00
# Visual Studio Version 16
VisualStudioVersion = 16.0.31321.278
MinimumVisualStudioVersion = 10.0.40219.1
Project("{9A19103F-16F7-4668-BE54-9A1E7A4F7556}") = "Application", "QuickestPath\Application.csproj", "{F28294FD-CA67-453B-8EDB-EBFF312F5FEC}"
EndProject
Project("{9A19103F-16F7-4668-BE54-9A1E7A4F7556}") = "Library", "Library\Library.csproj", "{08E7B8A7-9D3B-4A73-8B4B-487CF91CCF23}"
EndProject
Project("{9A19103F-16F7-4668-BE54-9A1E7A4F7556}") = "LibraryTest", "LibraryTest\LibraryTest.csproj", "{91BB005E-C577-4072-9CB3-24E207A56B4D}"
EndProject
Global
	GlobalSection(SolutionConfigurationPlatforms) = preSolution
		Debug|Any CPU = Debug|Any CPU
		Release|Any CPU = Release|Any CPU
	EndGlobalSection
	GlobalSection(ProjectConfigurationPlatforms) = postSolution
		{F28294FD-CA67-453B-8EDB-EBFF312F5FEC}.Debug|Any CPU.ActiveCfg = Debug|Any CPU
		{F28294FD-CA67-453B-8EDB-EBFF312F5FEC}.Debug|Any CPU.Build.0 = Debug|Any CPU
		{F28294FD-CA67-453B-8EDB-EBFF312F5FEC}.Release|Any CPU.ActiveCfg = Release|Any CPU
		{F28294FD-CA67-453B-8EDB-EBFF312F5FEC}.Release|Any CPU.Build.0 = Release|Any CPU
		{08E7B8A7-9D3B-4A73-8B4B-487CF91CCF23}.Debug|Any CPU.ActiveCfg = Debug|Any CPU
		{08E7B8A7-9D3B-4A73-8B4B-487CF91CCF23}.Debug|Any CPU.Build.0 = Debug|Any CPU
		{08E7B8A7-9D3B-4A73-8B4B-487CF91CCF23}.Release|Any CPU.ActiveCfg = Release|Any CPU
		{08E7B8A7-9D3B-4A73-8B4B-487CF91CCF23}.Release|Any CPU.Build.0 = Release|Any CPU
		{91BB005E-C577-4072-9CB3-24E207A56B4D}.Debug|Any CPU.ActiveCfg = Debug|Any CPU
		{91BB005E-C577-4072-9CB3-24E207A56B4D}.Debug|Any CPU.Build.0 = Debug|Any CPU
		{91BB005E-C577-4072-9CB3-24E207A56B4D}.Release|Any CPU.ActiveCfg = Release|Any CPU
		{91BB005E-C577-4072-9CB3-24E207A56B4D}.Release|Any CPU.Build.0 = Release|Any CPU
	EndGlobalSection
	GlobalSection(SolutionProperties) = preSolution
		HideSolutionNode = FALSE
	EndGlobalSection
	GlobalSection(ExtensibilityGlobals) = postSolution
		SolutionGuid = {8C601793-320F-4259-96AF-81B52F7B86DA}
	EndGlobalSection
EndGlobal
